// !$*UTF8*$!
{
	archiveVersion = 1;
	classes = {
	};
	objectVersion = 46;
	objects = {

/* Begin PBXBuildFile section */
		4B8BF1F518CC68F3003DB7EF /* Foundation.framework in Frameworks */ = {isa = PBXBuildFile; fileRef = 4B8BF1F418CC68F3003DB7EF /* Foundation.framework */; };
		4B8BF1F718CC68F3003DB7EF /* CoreGraphics.framework in Frameworks */ = {isa = PBXBuildFile; fileRef = 4B8BF1F618CC68F3003DB7EF /* CoreGraphics.framework */; };
		4B8BF1F918CC68F3003DB7EF /* UIKit.framework in Frameworks */ = {isa = PBXBuildFile; fileRef = 4B8BF1F818CC68F3003DB7EF /* UIKit.framework */; };
		4B8BF1FF18CC68F3003DB7EF /* InfoPlist.strings in Resources */ = {isa = PBXBuildFile; fileRef = 4B8BF1FD18CC68F3003DB7EF /* InfoPlist.strings */; };
		4B8BF20118CC68F3003DB7EF /* main.m in Sources */ = {isa = PBXBuildFile; fileRef = 4B8BF20018CC68F3003DB7EF /* main.m */; };
		4B8BF20518CC68F3003DB7EF /* AppDelegate.m in Sources */ = {isa = PBXBuildFile; fileRef = 4B8BF20418CC68F3003DB7EF /* AppDelegate.m */; };
		4B8BF20818CC68F3003DB7EF /* Main.storyboard in Resources */ = {isa = PBXBuildFile; fileRef = 4B8BF20618CC68F3003DB7EF /* Main.storyboard */; };
		4B8BF20B18CC68F3003DB7EF /* ViewController.m in Sources */ = {isa = PBXBuildFile; fileRef = 4B8BF20A18CC68F3003DB7EF /* ViewController.m */; };
		4B8BF20D18CC68F3003DB7EF /* Images.xcassets in Resources */ = {isa = PBXBuildFile; fileRef = 4B8BF20C18CC68F3003DB7EF /* Images.xcassets */; };
		4B8BF21418CC68F3003DB7EF /* XCTest.framework in Frameworks */ = {isa = PBXBuildFile; fileRef = 4B8BF21318CC68F3003DB7EF /* XCTest.framework */; };
		4B8BF21518CC68F3003DB7EF /* Foundation.framework in Frameworks */ = {isa = PBXBuildFile; fileRef = 4B8BF1F418CC68F3003DB7EF /* Foundation.framework */; };
		4B8BF21618CC68F3003DB7EF /* UIKit.framework in Frameworks */ = {isa = PBXBuildFile; fileRef = 4B8BF1F818CC68F3003DB7EF /* UIKit.framework */; };
		4B8BF21E18CC68F3003DB7EF /* InfoPlist.strings in Resources */ = {isa = PBXBuildFile; fileRef = 4B8BF21C18CC68F3003DB7EF /* InfoPlist.strings */; };
		4B8BF22018CC68F3003DB7EF /* LongTextViewTests.m in Sources */ = {isa = PBXBuildFile; fileRef = 4B8BF21F18CC68F3003DB7EF /* LongTextViewTests.m */; };
/* End PBXBuildFile section */

/* Begin PBXContainerItemProxy section */
		4B8BF21718CC68F3003DB7EF /* PBXContainerItemProxy */ = {
			isa = PBXContainerItemProxy;
			containerPortal = 4B8BF1E918CC68F3003DB7EF /* Project object */;
			proxyType = 1;
			remoteGlobalIDString = 4B8BF1F018CC68F3003DB7EF;
			remoteInfo = LongTextView;
		};
/* End PBXContainerItemProxy section */

/* Begin PBXFileReference section */
		4B8BF1F118CC68F3003DB7EF /* LongTextView.app */ = {isa = PBXFileReference; explicitFileType = wrapper.application; includeInIndex = 0; path = LongTextView.app; sourceTree = BUILT_PRODUCTS_DIR; };
		4B8BF1F418CC68F3003DB7EF /* Foundation.framework */ = {isa = PBXFileReference; lastKnownFileType = wrapper.framework; name = Foundation.framework; path = System/Library/Frameworks/Foundation.framework; sourceTree = SDKROOT; };
		4B8BF1F618CC68F3003DB7EF /* CoreGraphics.framework */ = {isa = PBXFileReference; lastKnownFileType = wrapper.framework; name = CoreGraphics.framework; path = System/Library/Frameworks/CoreGraphics.framework; sourceTree = SDKROOT; };
		4B8BF1F818CC68F3003DB7EF /* UIKit.framework */ = {isa = PBXFileReference; lastKnownFileType = wrapper.framework; name = UIKit.framework; path = System/Library/Frameworks/UIKit.framework; sourceTree = SDKROOT; };
		4B8BF1FC18CC68F3003DB7EF /* LongTextView-Info.plist */ = {isa = PBXFileReference; lastKnownFileType = text.plist.xml; path = "LongTextView-Info.plist"; sourceTree = "<group>"; };
		4B8BF1FE18CC68F3003DB7EF /* en */ = {isa = PBXFileReference; lastKnownFileType = text.plist.strings; name = en; path = en.lproj/InfoPlist.strings; sourceTree = "<group>"; };
		4B8BF20018CC68F3003DB7EF /* main.m */ = {isa = PBXFileReference; lastKnownFileType = sourcecode.c.objc; path = main.m; sourceTree = "<group>"; };
		4B8BF20218CC68F3003DB7EF /* LongTextView-Prefix.pch */ = {isa = PBXFileReference; lastKnownFileType = sourcecode.c.h; path = "LongTextView-Prefix.pch"; sourceTree = "<group>"; };
		4B8BF20318CC68F3003DB7EF /* AppDelegate.h */ = {isa = PBXFileReference; lastKnownFileType = sourcecode.c.h; path = AppDelegate.h; sourceTree = "<group>"; };
		4B8BF20418CC68F3003DB7EF /* AppDelegate.m */ = {isa = PBXFileReference; lastKnownFileType = sourcecode.c.objc; path = AppDelegate.m; sourceTree = "<group>"; };
		4B8BF20718CC68F3003DB7EF /* Base */ = {isa = PBXFileReference; lastKnownFileType = file.storyboard; name = Base; path = Base.lproj/Main.storyboard; sourceTree = "<group>"; };
		4B8BF20918CC68F3003DB7EF /* ViewController.h */ = {isa = PBXFileReference; lastKnownFileType = sourcecode.c.h; path = ViewController.h; sourceTree = "<group>"; };
		4B8BF20A18CC68F3003DB7EF /* ViewController.m */ = {isa = PBXFileReference; lastKnownFileType = sourcecode.c.objc; path = ViewController.m; sourceTree = "<group>"; };
		4B8BF20C18CC68F3003DB7EF /* Images.xcassets */ = {isa = PBXFileReference; lastKnownFileType = folder.assetcatalog; path = Images.xcassets; sourceTree = "<group>"; };
		4B8BF21218CC68F3003DB7EF /* LongTextViewTests.xctest */ = {isa = PBXFileReference; explicitFileType = wrapper.cfbundle; includeInIndex = 0; path = LongTextViewTests.xctest; sourceTree = BUILT_PRODUCTS_DIR; };
		4B8BF21318CC68F3003DB7EF /* XCTest.framework */ = {isa = PBXFileReference; lastKnownFileType = wrapper.framework; name = XCTest.framework; path = Library/Frameworks/XCTest.framework; sourceTree = DEVELOPER_DIR; };
		4B8BF21B18CC68F3003DB7EF /* LongTextViewTests-Info.plist */ = {isa = PBXFileReference; lastKnownFileType = text.plist.xml; path = "LongTextViewTests-Info.plist"; sourceTree = "<group>"; };
		4B8BF21D18CC68F3003DB7EF /* en */ = {isa = PBXFileReference; lastKnownFileType = text.plist.strings; name = en; path = en.lproj/InfoPlist.strings; sourceTree = "<group>"; };
		4B8BF21F18CC68F3003DB7EF /* LongTextViewTests.m */ = {isa = PBXFileReference; lastKnownFileType = sourcecode.c.objc; path = LongTextViewTests.m; sourceTree = "<group>"; };
/* End PBXFileReference section */

/* Begin PBXFrameworksBuildPhase section */
		4B8BF1EE18CC68F3003DB7EF /* Frameworks */ = {
			isa = PBXFrameworksBuildPhase;
			buildActionMask = 2147483647;
			files = (
				4B8BF1F718CC68F3003DB7EF /* CoreGraphics.framework in Frameworks */,
				4B8BF1F918CC68F3003DB7EF /* UIKit.framework in Frameworks */,
				4B8BF1F518CC68F3003DB7EF /* Foundation.framework in Frameworks */,
			);
			runOnlyForDeploymentPostprocessing = 0;
		};
		4B8BF20F18CC68F3003DB7EF /* Frameworks */ = {
			isa = PBXFrameworksBuildPhase;
			buildActionMask = 2147483647;
			files = (
				4B8BF21418CC68F3003DB7EF /* XCTest.framework in Frameworks */,
				4B8BF21618CC68F3003DB7EF /* UIKit.framework in Frameworks */,
				4B8BF21518CC68F3003DB7EF /* Foundation.framework in Frameworks */,
			);
			runOnlyForDeploymentPostprocessing = 0;
		};
/* End PBXFrameworksBuildPhase section */

/* Begin PBXGroup section */
		4B8BF1E818CC68F3003DB7EF = {
			isa = PBXGroup;
			children = (
				4B8BF1FA18CC68F3003DB7EF /* LongTextView */,
				4B8BF21918CC68F3003DB7EF /* LongTextViewTests */,
				4B8BF1F318CC68F3003DB7EF /* Frameworks */,
				4B8BF1F218CC68F3003DB7EF /* Products */,
			);
			sourceTree = "<group>";
		};
		4B8BF1F218CC68F3003DB7EF /* Products */ = {
			isa = PBXGroup;
			children = (
				4B8BF1F118CC68F3003DB7EF /* LongTextView.app */,
				4B8BF21218CC68F3003DB7EF /* LongTextViewTests.xctest */,
			);
			name = Products;
			sourceTree = "<group>";
		};
		4B8BF1F318CC68F3003DB7EF /* Frameworks */ = {
			isa = PBXGroup;
			children = (
				4B8BF1F418CC68F3003DB7EF /* Foundation.framework */,
				4B8BF1F618CC68F3003DB7EF /* CoreGraphics.framework */,
				4B8BF1F818CC68F3003DB7EF /* UIKit.framework */,
				4B8BF21318CC68F3003DB7EF /* XCTest.framework */,
			);
			name = Frameworks;
			sourceTree = "<group>";
		};
		4B8BF1FA18CC68F3003DB7EF /* LongTextView */ = {
			isa = PBXGroup;
			children = (
				4B8BF20318CC68F3003DB7EF /* AppDelegate.h */,
				4B8BF20418CC68F3003DB7EF /* AppDelegate.m */,
				4B8BF20618CC68F3003DB7EF /* Main.storyboard */,
				4B8BF20918CC68F3003DB7EF /* ViewController.h */,
				4B8BF20A18CC68F3003DB7EF /* ViewController.m */,
				4B8BF20C18CC68F3003DB7EF /* Images.xcassets */,
				4B8BF1FB18CC68F3003DB7EF /* Supporting Files */,
			);
			path = LongTextView;
			sourceTree = "<group>";
		};
		4B8BF1FB18CC68F3003DB7EF /* Supporting Files */ = {
			isa = PBXGroup;
			children = (
				4B8BF1FC18CC68F3003DB7EF /* LongTextView-Info.plist */,
				4B8BF1FD18CC68F3003DB7EF /* InfoPlist.strings */,
				4B8BF20018CC68F3003DB7EF /* main.m */,
				4B8BF20218CC68F3003DB7EF /* LongTextView-Prefix.pch */,
			);
			name = "Supporting Files";
			sourceTree = "<group>";
		};
		4B8BF21918CC68F3003DB7EF /* LongTextViewTests */ = {
			isa = PBXGroup;
			children = (
				4B8BF21F18CC68F3003DB7EF /* LongTextViewTests.m */,
				4B8BF21A18CC68F3003DB7EF /* Supporting Files */,
			);
			path = LongTextViewTests;
			sourceTree = "<group>";
		};
		4B8BF21A18CC68F3003DB7EF /* Supporting Files */ = {
			isa = PBXGroup;
			children = (
				4B8BF21B18CC68F3003DB7EF /* LongTextViewTests-Info.plist */,
				4B8BF21C18CC68F3003DB7EF /* InfoPlist.strings */,
			);
			name = "Supporting Files";
			sourceTree = "<group>";
		};
/* End PBXGroup section */

/* Begin PBXNativeTarget section */
		4B8BF1F018CC68F3003DB7EF /* LongTextView */ = {
			isa = PBXNativeTarget;
			buildConfigurationList = 4B8BF22318CC68F3003DB7EF /* Build configuration list for PBXNativeTarget "LongTextView" */;
			buildPhases = (
				4B8BF1ED18CC68F3003DB7EF /* Sources */,
				4B8BF1EE18CC68F3003DB7EF /* Frameworks */,
				4B8BF1EF18CC68F3003DB7EF /* Resources */,
			);
			buildRules = (
			);
			dependencies = (
			);
			name = LongTextView;
			productName = LongTextView;
			productReference = 4B8BF1F118CC68F3003DB7EF /* LongTextView.app */;
			productType = "com.apple.product-type.application";
		};
		4B8BF21118CC68F3003DB7EF /* LongTextViewTests */ = {
			isa = PBXNativeTarget;
			buildConfigurationList = 4B8BF22618CC68F3003DB7EF /* Build configuration list for PBXNativeTarget "LongTextViewTests" */;
			buildPhases = (
				4B8BF20E18CC68F3003DB7EF /* Sources */,
				4B8BF20F18CC68F3003DB7EF /* Frameworks */,
				4B8BF21018CC68F3003DB7EF /* Resources */,
			);
			buildRules = (
			);
			dependencies = (
				4B8BF21818CC68F3003DB7EF /* PBXTargetDependency */,
			);
			name = LongTextViewTests;
			productName = LongTextViewTests;
			productReference = 4B8BF21218CC68F3003DB7EF /* LongTextViewTests.xctest */;
			productType = "com.apple.product-type.bundle.unit-test";
		};
/* End PBXNativeTarget section */

/* Begin PBXProject section */
		4B8BF1E918CC68F3003DB7EF /* Project object */ = {
			isa = PBXProject;
			attributes = {
				LastUpgradeCheck = 0500;
				ORGANIZATIONNAME = "Sagi Rorlich";
				TargetAttributes = {
					4B8BF21118CC68F3003DB7EF = {
						TestTargetID = 4B8BF1F018CC68F3003DB7EF;
					};
				};
			};
			buildConfigurationList = 4B8BF1EC18CC68F3003DB7EF /* Build configuration list for PBXProject "LongTextView" */;
			compatibilityVersion = "Xcode 3.2";
			developmentRegion = English;
			hasScannedForEncodings = 0;
			knownRegions = (
				en,
				Base,
			);
			mainGroup = 4B8BF1E818CC68F3003DB7EF;
			productRefGroup = 4B8BF1F218CC68F3003DB7EF /* Products */;
			projectDirPath = "";
			projectRoot = "";
			targets = (
				4B8BF1F018CC68F3003DB7EF /* LongTextView */,
				4B8BF21118CC68F3003DB7EF /* LongTextViewTests */,
			);
		};
/* End PBXProject section */

/* Begin PBXResourcesBuildPhase section */
		4B8BF1EF18CC68F3003DB7EF /* Resources */ = {
			isa = PBXResourcesBuildPhase;
			buildActionMask = 2147483647;
			files = (
				4B8BF20D18CC68F3003DB7EF /* Images.xcassets in Resources */,
				4B8BF1FF18CC68F3003DB7EF /* InfoPlist.strings in Resources */,
				4B8BF20818CC68F3003DB7EF /* Main.storyboard in Resources */,
			);
			runOnlyForDeploymentPostprocessing = 0;
		};
		4B8BF21018CC68F3003DB7EF /* Resources */ = {
			isa = PBXResourcesBuildPhase;
			buildActionMask = 2147483647;
			files = (
				4B8BF21E18CC68F3003DB7EF /* InfoPlist.strings in Resources */,
			);
			runOnlyForDeploymentPostprocessing = 0;
		};
/* End PBXResourcesBuildPhase section */

/* Begin PBXSourcesBuildPhase section */
		4B8BF1ED18CC68F3003DB7EF /* Sources */ = {
			isa = PBXSourcesBuildPhase;
			buildActionMask = 2147483647;
			files = (
				4B8BF20B18CC68F3003DB7EF /* ViewController.m in Sources */,
				4B8BF20518CC68F3003DB7EF /* AppDelegate.m in Sources */,
				4B8BF20118CC68F3003DB7EF /* main.m in Sources */,
			);
			runOnlyForDeploymentPostprocessing = 0;
		};
		4B8BF20E18CC68F3003DB7EF /* Sources */ = {
			isa = PBXSourcesBuildPhase;
			buildActionMask = 2147483647;
			files = (
				4B8BF22018CC68F3003DB7EF /* LongTextViewTests.m in Sources */,
			);
			runOnlyForDeploymentPostprocessing = 0;
		};
/* End PBXSourcesBuildPhase section */

/* Begin PBXTargetDependency section */
		4B8BF21818CC68F3003DB7EF /* PBXTargetDependency */ = {
			isa = PBXTargetDependency;
			target = 4B8BF1F018CC68F3003DB7EF /* LongTextView */;
			targetProxy = 4B8BF21718CC68F3003DB7EF /* PBXContainerItemProxy */;
		};
/* End PBXTargetDependency section */

/* Begin PBXVariantGroup section */
		4B8BF1FD18CC68F3003DB7EF /* InfoPlist.strings */ = {
			isa = PBXVariantGroup;
			children = (
				4B8BF1FE18CC68F3003DB7EF /* en */,
			);
			name = InfoPlist.strings;
			sourceTree = "<group>";
		};
		4B8BF20618CC68F3003DB7EF /* Main.storyboard */ = {
			isa = PBXVariantGroup;
			children = (
				4B8BF20718CC68F3003DB7EF /* Base */,
			);
			name = Main.storyboard;
			sourceTree = "<group>";
		};
		4B8BF21C18CC68F3003DB7EF /* InfoPlist.strings */ = {
			isa = PBXVariantGroup;
			children = (
				4B8BF21D18CC68F3003DB7EF /* en */,
			);
			name = InfoPlist.strings;
			sourceTree = "<group>";
		};
/* End PBXVariantGroup section */

/* Begin XCBuildConfiguration section */
		4B8BF22118CC68F3003DB7EF /* Debug */ = {
			isa = XCBuildConfiguration;
			buildSettings = {
				ALWAYS_SEARCH_USER_PATHS = NO;
				ARCHS = "$(ARCHS_STANDARD_INCLUDING_64_BIT)";
				CLANG_CXX_LANGUAGE_STANDARD = "gnu++0x";
				CLANG_CXX_LIBRARY = "libc++";
				CLANG_ENABLE_MODULES = YES;
				CLANG_ENABLE_OBJC_ARC = YES;
				CLANG_WARN_BOOL_CONVERSION = YES;
				CLANG_WARN_CONSTANT_CONVERSION = YES;
				CLANG_WARN_DIRECT_OBJC_ISA_USAGE = YES_ERROR;
				CLANG_WARN_EMPTY_BODY = YES;
				CLANG_WARN_ENUM_CONVERSION = YES;
				CLANG_WARN_INT_CONVERSION = YES;
				CLANG_WARN_OBJC_ROOT_CLASS = YES_ERROR;
				CLANG_WARN__DUPLICATE_METHOD_MATCH = YES;
				"CODE_SIGN_IDENTITY[sdk=iphoneos*]" = "iPhone Developer";
				COPY_PHASE_STRIP = NO;
				GCC_C_LANGUAGE_STANDARD = gnu99;
				GCC_DYNAMIC_NO_PIC = NO;
				GCC_OPTIMIZATION_LEVEL = 0;
				GCC_PREPROCESSOR_DEFINITIONS = (
					"DEBUG=1",
					"$(inherited)",
				);
				GCC_SYMBOLS_PRIVATE_EXTERN = NO;
				GCC_WARN_64_TO_32_BIT_CONVERSION = YES;
				GCC_WARN_ABOUT_RETURN_TYPE = YES_ERROR;
				GCC_WARN_UNDECLARED_SELECTOR = YES;
				GCC_WARN_UNINITIALIZED_AUTOS = YES;
				GCC_WARN_UNUSED_FUNCTION = YES;
				GCC_WARN_UNUSED_VARIABLE = YES;
				IPHONEOS_DEPLOYMENT_TARGET = 7.0;
				ONLY_ACTIVE_ARCH = YES;
				SDKROOT = iphoneos;
			};
			name = Debug;
		};
		4B8BF22218CC68F3003DB7EF /* Release */ = {
			isa = XCBuildConfiguration;
			buildSettings = {
				ALWAYS_SEARCH_USER_PATHS = NO;
				ARCHS = "$(ARCHS_STANDARD_INCLUDING_64_BIT)";
				CLANG_CXX_LANGUAGE_STANDARD = "gnu++0x";
				CLANG_CXX_LIBRARY = "libc++";
				CLANG_ENABLE_MODULES = YES;
				CLANG_ENABLE_OBJC_ARC = YES;
				CLANG_WARN_BOOL_CONVERSION = YES;
				CLANG_WARN_CONSTANT_CONVERSION = YES;
				CLANG_WARN_DIRECT_OBJC_ISA_USAGE = YES_ERROR;
				CLANG_WARN_EMPTY_BODY = YES;
				CLANG_WARN_ENUM_CONVERSION = YES;
				CLANG_WARN_INT_CONVERSION = YES;
				CLANG_WARN_OBJC_ROOT_CLASS = YES_ERROR;
				CLANG_WARN__DUPLICATE_METHOD_MATCH = YES;
				"CODE_SIGN_IDENTITY[sdk=iphoneos*]" = "iPhone Developer";
				COPY_PHASE_STRIP = YES;
				ENABLE_NS_ASSERTIONS = NO;
				GCC_C_LANGUAGE_STANDARD = gnu99;
				GCC_WARN_64_TO_32_BIT_CONVERSION = YES;
				GCC_WARN_ABOUT_RETURN_TYPE = YES_ERROR;
				GCC_WARN_UNDECLARED_SELECTOR = YES;
				GCC_WARN_UNINITIALIZED_AUTOS = YES;
				GCC_WARN_UNUSED_FUNCTION = YES;
				GCC_WARN_UNUSED_VARIABLE = YES;
				IPHONEOS_DEPLOYMENT_TARGET = 7.0;
				SDKROOT = iphoneos;
				VALIDATE_PRODUCT = YES;
			};
			name = Release;
		};
		4B8BF22418CC68F3003DB7EF /* Debug */ = {
			isa = XCBuildConfiguration;
			buildSettings = {
				ASSETCATALOG_COMPILER_APPICON_NAME = AppIcon;
				ASSETCATALOG_COMPILER_LAUNCHIMAGE_NAME = LaunchImage;
				GCC_PRECOMPILE_PREFIX_HEADER = YES;
				GCC_PREFIX_HEADER = "LongTextView/LongTextView-Prefix.pch";
				INFOPLIST_FILE = "LongTextView/LongTextView-Info.plist";
				PRODUCT_NAME = "$(TARGET_NAME)";
				WRAPPER_EXTENSION = app;
			};
			name = Debug;
		};
		4B8BF22518CC68F3003DB7EF /* Release */ = {
			isa = XCBuildConfiguration;
			buildSettings = {
				ASSETCATALOG_COMPILER_APPICON_NAME = AppIcon;
				ASSETCATALOG_COMPILER_LAUNCHIMAGE_NAME = LaunchImage;
				GCC_PRECOMPILE_PREFIX_HEADER = YES;
				GCC_PREFIX_HEADER = "LongTextView/LongTextView-Prefix.pch";
				INFOPLIST_FILE = "LongTextView/LongTextView-Info.plist";
				PRODUCT_NAME = "$(TARGET_NAME)";
				WRAPPER_EXTENSION = app;
			};
			name = Release;
		};
		4B8BF22718CC68F3003DB7EF /* Debug */ = {
			isa = XCBuildConfiguration;
			buildSettings = {
				ARCHS = "$(ARCHS_STANDARD_INCLUDING_64_BIT)";
				BUNDLE_LOADER = "$(BUILT_PRODUCTS_DIR)/LongTextView.app/LongTextView";
				FRAMEWORK_SEARCH_PATHS = (
					"$(SDKROOT)/Developer/Library/Frameworks",
					"$(inherited)",
					"$(DEVELOPER_FRAMEWORKS_DIR)",
				);
				GCC_PRECOMPILE_PREFIX_HEADER = YES;
				GCC_PREFIX_HEADER = "LongTextView/LongTextView-Prefix.pch";
				GCC_PREPROCESSOR_DEFINITIONS = (
					"DEBUG=1",
					"$(inherited)",
				);
				INFOPLIST_FILE = "LongTextViewTests/LongTextViewTests-Info.plist";
				PRODUCT_NAME = "$(TARGET_NAME)";
				TEST_HOST = "$(BUNDLE_LOADER)";
				WRAPPER_EXTENSION = xctest;
			};
			name = Debug;
		};
		4B8BF22818CC68F3003DB7EF /* Release */ = {
			isa = XCBuildConfiguration;
			buildSettings = {
				ARCHS = "$(ARCHS_STANDARD_INCLUDING_64_BIT)";
				BUNDLE_LOADER = "$(BUILT_PRODUCTS_DIR)/LongTextView.app/LongTextView";
				FRAMEWORK_SEARCH_PATHS = (
					"$(SDKROOT)/Developer/Library/Frameworks",
					"$(inherited)",
					"$(DEVELOPER_FRAMEWORKS_DIR)",
				);
				GCC_PRECOMPILE_PREFIX_HEADER = YES;
				GCC_PREFIX_HEADER = "LongTextView/LongTextView-Prefix.pch";
				INFOPLIST_FILE = "LongTextViewTests/LongTextViewTests-Info.plist";
				PRODUCT_NAME = "$(TARGET_NAME)";
				TEST_HOST = "$(BUNDLE_LOADER)";
				WRAPPER_EXTENSION = xctest;
			};
			name = Release;
		};
/* End XCBuildConfiguration section */

/* Begin XCConfigurationList section */
		4B8BF1EC18CC68F3003DB7EF /* Build configuration list for PBXProject "LongTextView" */ = {
			isa = XCConfigurationList;
			buildConfigurations = (
				4B8BF22118CC68F3003DB7EF /* Debug */,
				4B8BF22218CC68F3003DB7EF /* Release */,
			);
			defaultConfigurationIsVisible = 0;
			defaultConfigurationName = Release;
		};
		4B8BF22318CC68F3003DB7EF /* Build configuration list for PBXNativeTarget "LongTextView" */ = {
			isa = XCConfigurationList;
			buildConfigurations = (
				4B8BF22418CC68F3003DB7EF /* Debug */,
				4B8BF22518CC68F3003DB7EF /* Release */,
			);
			defaultConfigurationIsVisible = 0;
		};
		4B8BF22618CC68F3003DB7EF /* Build configuration list for PBXNativeTarget "LongTextViewTests" */ = {
			isa = XCConfigurationList;
			buildConfigurations = (
				4B8BF22718CC68F3003DB7EF /* Debug */,
				4B8BF22818CC68F3003DB7EF /* Release */,
			);
			defaultConfigurationIsVisible = 0;
		};
/* End XCConfigurationList section */
	};
	rootObject = 4B8BF1E918CC68F3003DB7EF /* Project object */;
}
